// !$*UTF8*$!
{
	archiveVersion = 1;
	classes = {
	};
	objectVersion = 46;
	objects = {

/* Begin PBXBuildFile section */
		A309238D1F50B45A00CA5A08 /* AppDelegate.swift in Sources */ = {isa = PBXBuildFile; fileRef = A309238C1F50B45A00CA5A08 /* AppDelegate.swift */; };
		A309238F1F50B45A00CA5A08 /* ViewController.swift in Sources */ = {isa = PBXBuildFile; fileRef = A309238E1F50B45A00CA5A08 /* ViewController.swift */; };
		A30923921F50B45A00CA5A08 /* Main.storyboard in Resources */ = {isa = PBXBuildFile; fileRef = A30923901F50B45A00CA5A08 /* Main.storyboard */; };
		A30923941F50B45A00CA5A08 /* Assets.xcassets in Resources */ = {isa = PBXBuildFile; fileRef = A30923931F50B45A00CA5A08 /* Assets.xcassets */; };
		A30923971F50B45B00CA5A08 /* LaunchScreen.storyboard in Resources */ = {isa = PBXBuildFile; fileRef = A30923951F50B45B00CA5A08 /* LaunchScreen.storyboard */; };
/* End PBXBuildFile section */

/* Begin PBXFileReference section */
		A30923891F50B45A00CA5A08 /* timesTableApp.app */ = {isa = PBXFileReference; explicitFileType = wrapper.application; includeInIndex = 0; path = timesTableApp.app; sourceTree = BUILT_PRODUCTS_DIR; };
		A309238C1F50B45A00CA5A08 /* AppDelegate.swift */ = {isa = PBXFileReference; lastKnownFileType = sourcecode.swift; path = AppDelegate.swift; sourceTree = "<group>"; };
		A309238E1F50B45A00CA5A08 /* ViewController.swift */ = {isa = PBXFileReference; lastKnownFileType = sourcecode.swift; path = ViewController.swift; sourceTree = "<group>"; };
		A30923911F50B45A00CA5A08 /* Base */ = {isa = PBXFileReference; lastKnownFileType = file.storyboard; name = Base; path = Base.lproj/Main.storyboard; sourceTree = "<group>"; };
		A30923931F50B45A00CA5A08 /* Assets.xcassets */ = {isa = PBXFileReference; lastKnownFileType = folder.assetcatalog; path = Assets.xcassets; sourceTree = "<group>"; };
		A30923961F50B45B00CA5A08 /* Base */ = {isa = PBXFileReference; lastKnownFileType = file.storyboard; name = Base; path = Base.lproj/LaunchScreen.storyboard; sourceTree = "<group>"; };
		A30923981F50B45B00CA5A08 /* Info.plist */ = {isa = PBXFileReference; lastKnownFileType = text.plist.xml; path = Info.plist; sourceTree = "<group>"; };
/* End PBXFileReference section */

/* Begin PBXFrameworksBuildPhase section */
		A30923861F50B45A00CA5A08 /* Frameworks */ = {
			isa = PBXFrameworksBuildPhase;
			buildActionMask = 2147483647;
			files = (
			);
			runOnlyForDeploymentPostprocessing = 0;
		};
/* End PBXFrameworksBuildPhase section */

/* Begin PBXGroup section */
		A30923801F50B45A00CA5A08 = {
			isa = PBXGroup;
			children = (
				A309238B1F50B45A00CA5A08 /* timesTableApp */,
				A309238A1F50B45A00CA5A08 /* Products */,
			);
			sourceTree = "<group>";
		};
		A309238A1F50B45A00CA5A08 /* Products */ = {
			isa = PBXGroup;
			children = (
				A30923891F50B45A00CA5A08 /* timesTableApp.app */,
			);
			name = Products;
			sourceTree = "<group>";
		};
		A309238B1F50B45A00CA5A08 /* timesTableApp */ = {
			isa = PBXGroup;
			children = (
				A309238C1F50B45A00CA5A08 /* AppDelegate.swift */,
				A309238E1F50B45A00CA5A08 /* ViewController.swift */,
				A30923901F50B45A00CA5A08 /* Main.storyboard */,
				A30923931F50B45A00CA5A08 /* Assets.xcassets */,
				A30923951F50B45B00CA5A08 /* LaunchScreen.storyboard */,
				A30923981F50B45B00CA5A08 /* Info.plist */,
			);
			path = timesTableApp;
			sourceTree = "<group>";
		};
/* End PBXGroup section */

/* Begin PBXNativeTarget section */
		A30923881F50B45A00CA5A08 /* timesTableApp */ = {
			isa = PBXNativeTarget;
			buildConfigurationList = A309239B1F50B45B00CA5A08 /* Build configuration list for PBXNativeTarget "timesTableApp" */;
			buildPhases = (
				A30923851F50B45A00CA5A08 /* Sources */,
				A30923861F50B45A00CA5A08 /* Frameworks */,
				A30923871F50B45A00CA5A08 /* Resources */,
			);
			buildRules = (
			);
			dependencies = (
			);
			name = timesTableApp;
			productName = timesTableApp;
			productReference = A30923891F50B45A00CA5A08 /* timesTableApp.app */;
			productType = "com.apple.product-type.application";
		};
/* End PBXNativeTarget section */

/* Begin PBXProject section */
		A30923811F50B45A00CA5A08 /* Project object */ = {
			isa = PBXProject;
			attributes = {
				LastSwiftUpdateCheck = 0820;
				LastUpgradeCheck = 0820;
				ORGANIZATIONNAME = sunny;
				TargetAttributes = {
					A30923881F50B45A00CA5A08 = {
						CreatedOnToolsVersion = 8.2.1;
						ProvisioningStyle = Automatic;
					};
				};
			};
			buildConfigurationList = A30923841F50B45A00CA5A08 /* Build configuration list for PBXProject "timesTableApp" */;
			compatibilityVersion = "Xcode 3.2";
			developmentRegion = English;
			hasScannedForEncodings = 0;
			knownRegions = (
				en,
				Base,
			);
			mainGroup = A30923801F50B45A00CA5A08;
			productRefGroup = A309238A1F50B45A00CA5A08 /* Products */;
			projectDirPath = "";
			projectRoot = "";
			targets = (
				A30923881F50B45A00CA5A08 /* timesTableApp */,
			);
		};
/* End PBXProject section */

/* Begin PBXResourcesBuildPhase section */
		A30923871F50B45A00CA5A08 /* Resources */ = {
			isa = PBXResourcesBuildPhase;
			buildActionMask = 2147483647;
			files = (
				A30923971F50B45B00CA5A08 /* LaunchScreen.storyboard in Resources */,
				A30923941F50B45A00CA5A08 /* Assets.xcassets in Resources */,
				A30923921F50B45A00CA5A08 /* Main.storyboard in Resources */,
			);
			runOnlyForDeploymentPostprocessing = 0;
		};
/* End PBXResourcesBuildPhase section */

/* Begin PBXSourcesBuildPhase section */
		A30923851F50B45A00CA5A08 /* Sources */ = {
			isa = PBXSourcesBuildPhase;
			buildActionMask = 2147483647;
			files = (
				A309238F1F50B45A00CA5A08 /* ViewController.swift in Sources */,
				A309238D1F50B45A00CA5A08 /* AppDelegate.swift in Sources */,
			);
			runOnlyForDeploymentPostprocessing = 0;
		};
/* End PBXSourcesBuildPhase section */

/* Begin PBXVariantGroup section */
		A30923901F50B45A00CA5A08 /* Main.storyboard */ = {
			isa = PBXVariantGroup;
			children = (
				A30923911F50B45A00CA5A08 /* Base */,
			);
			name = Main.storyboard;
			sourceTree = "<group>";
		};
		A30923951F50B45B00CA5A08 /* LaunchScreen.storyboard */ = {
			isa = PBXVariantGroup;
			children = (
				A30923961F50B45B00CA5A08 /* Base */,
			);
			name = LaunchScreen.storyboard;
			sourceTree = "<group>";
		};
/* End PBXVariantGroup section */

/* Begin XCBuildConfiguration section */
		A30923991F50B45B00CA5A08 /* Debug */ = {
			isa = XCBuildConfiguration;
			buildSettings = {
				ALWAYS_SEARCH_USER_PATHS = NO;
				CLANG_ANALYZER_NONNULL = YES;
				CLANG_CXX_LANGUAGE_STANDARD = "gnu++0x";
				CLANG_CXX_LIBRARY = "libc++";
				CLANG_ENABLE_MODULES = YES;
				CLANG_ENABLE_OBJC_ARC = YES;
				CLANG_WARN_BOOL_CONVERSION = YES;
				CLANG_WARN_CONSTANT_CONVERSION = YES;
				CLANG_WARN_DIRECT_OBJC_ISA_USAGE = YES_ERROR;
				CLANG_WARN_DOCUMENTATION_COMMENTS = YES;
				CLANG_WARN_EMPTY_BODY = YES;
				CLANG_WARN_ENUM_CONVERSION = YES;
				CLANG_WARN_INFINITE_RECURSION = YES;
				CLANG_WARN_INT_CONVERSION = YES;
				CLANG_WARN_OBJC_ROOT_CLASS = YES_ERROR;
				CLANG_WARN_SUSPICIOUS_MOVE = YES;
				CLANG_WARN_UNREACHABLE_CODE = YES;
				CLANG_WARN__DUPLICATE_METHOD_MATCH = YES;
				"CODE_SIGN_IDENTITY[sdk=iphoneos*]" = "iPhone Developer";
				COPY_PHASE_STRIP = NO;
				DEBUG_INFORMATION_FORMAT = dwarf;
				ENABLE_STRICT_OBJC_MSGSEND = YES;
				ENABLE_TESTABILITY = YES;
				GCC_C_LANGUAGE_STANDARD = gnu99;
				GCC_DYNAMIC_NO_PIC = NO;
				GCC_NO_COMMON_BLOCKS = YES;
				GCC_OPTIMIZATION_LEVEL = 0;
				GCC_PREPROCESSOR_DEFINITIONS = (
					"DEBUG=1",
					"$(inherited)",
				);
				GCC_WARN_64_TO_32_BIT_CONVERSION = YES;
				GCC_WARN_ABOUT_RETURN_TYPE = YES_ERROR;
				GCC_WARN_UNDECLARED_SELECTOR = YES;
				GCC_WARN_UNINITIALIZED_AUTOS = YES_AGGRESSIVE;
				GCC_WARN_UNUSED_FUNCTION = YES;
				GCC_WARN_UNUSED_VARIABLE = YES;
				IPHONEOS_DEPLOYMENT_TARGET = 10.2;
				MTL_ENABLE_DEBUG_INFO = YES;
				ONLY_ACTIVE_ARCH = YES;
				SDKROOT = iphoneos;
				SWIFT_ACTIVE_COMPILATION_CONDITIONS = DEBUG;
				SWIFT_OPTIMIZATION_LEVEL = "-Onone";
				TARGETED_DEVICE_FAMILY = "1,2";
			};
			name = Debug;
		};
		A309239A1F50B45B00CA5A08 /* Release */ = {
			isa = XCBuildConfiguration;
			buildSettings = {
				ALWAYS_SEARCH_USER_PATHS = NO;
				CLANG_ANALYZER_NONNULL = YES;
				CLANG_CXX_LANGUAGE_STANDARD = "gnu++0x";
				CLANG_CXX_LIBRARY = "libc++";
				CLANG_ENABLE_MODULES = YES;
				CLANG_ENABLE_OBJC_ARC = YES;
				CLANG_WARN_BOOL_CONVERSION = YES;
				CLANG_WARN_CONSTANT_CONVERSION = YES;
				CLANG_WARN_DIRECT_OBJC_ISA_USAGE = YES_ERROR;
				CLANG_WARN_DOCUMENTATION_COMMENTS = YES;
				CLANG_WARN_EMPTY_BODY = YES;
				CLANG_WARN_ENUM_CONVERSION = YES;
				CLANG_WARN_INFINITE_RECURSION = YES;
				CLANG_WARN_INT_CONVERSION = YES;
				CLANG_WARN_OBJC_ROOT_CLASS = YES_ERROR;
				CLANG_WARN_SUSPICIOUS_MOVE = YES;
				CLANG_WARN_UNREACHABLE_CODE = YES;
				CLANG_WARN__DUPLICATE_METHOD_MATCH = YES;
				"CODE_SIGN_IDENTITY[sdk=iphoneos*]" = "iPhone Developer";
				COPY_PHASE_STRIP = NO;
				DEBUG_INFORMATION_FORMAT = "dwarf-with-dsym";
				ENABLE_NS_ASSERTIONS = NO;
				ENABLE_STRICT_OBJC_MSGSEND = YES;
				GCC_C_LANGUAGE_STANDARD = gnu99;
				GCC_NO_COMMON_BLOCKS = YES;
				GCC_WARN_64_TO_32_BIT_CONVERSION = YES;
				GCC_WARN_ABOUT_RETURN_TYPE = YES_ERROR;
				GCC_WARN_UNDECLARED_SELECTOR = YES;
				GCC_WARN_UNINITIALIZED_AUTOS = YES_AGGRESSIVE;
				GCC_WARN_UNUSED_FUNCTION = YES;
				GCC_WARN_UNUSED_VARIABLE = YES;
				IPHONEOS_DEPLOYMENT_TARGET = 10.2;
				MTL_ENABLE_DEBUG_INFO = NO;
				SDKROOT = iphoneos;
				SWIFT_OPTIMIZATION_LEVEL = "-Owholemodule";
				TARGETED_DEVICE_FAMILY = "1,2";
				VALIDATE_PRODUCT = YES;
			};
			name = Release;
		};
		A309239C1F50B45B00CA5A08 /* Debug */ = {
			isa = XCBuildConfiguration;
			buildSettings = {
				ASSETCATALOG_COMPILER_APPICON_NAME = AppIcon;
				INFOPLIST_FILE = timesTableApp/Info.plist;
				LD_RUNPATH_SEARCH_PATHS = "$(inherited) @executable_path/Frameworks";
				PRODUCT_BUNDLE_IDENTIFIER = com.topdev.timesTableApp;
				PRODUCT_NAME = "$(TARGET_NAME)";
				SWIFT_VERSION = 3.0;
			};
			name = Debug;
		};
		A309239D1F50B45B00CA5A08 /* Release */ = {
			isa = XCBuildConfiguration;
			buildSettings = {
				ASSETCATALOG_COMPILER_APPICON_NAME = AppIcon;
				INFOPLIST_FILE = timesTableApp/Info.plist;
				LD_RUNPATH_SEARCH_PATHS = "$(inherited) @executable_path/Frameworks";
				PRODUCT_BUNDLE_IDENTIFIER = com.topdev.timesTableApp;
				PRODUCT_NAME = "$(TARGET_NAME)";
				SWIFT_VERSION = 3.0;
			};
			name = Release;
		};
/* End XCBuildConfiguration section */

/* Begin XCConfigurationList section */
		A30923841F50B45A00CA5A08 /* Build configuration list for PBXProject "timesTableApp" */ = {
			isa = XCConfigurationList;
			buildConfigurations = (
				A30923991F50B45B00CA5A08 /* Debug */,
				A309239A1F50B45B00CA5A08 /* Release */,
			);
			defaultConfigurationIsVisible = 0;
			defaultConfigurationName = Release;
		};
		A309239B1F50B45B00CA5A08 /* Build configuration list for PBXNativeTarget "timesTableApp" */ = {
			isa = XCConfigurationList;
			buildConfigurations = (
				A309239C1F50B45B00CA5A08 /* Debug */,
				A309239D1F50B45B00CA5A08 /* Release */,
			);
			defaultConfigurationIsVisible = 0;
		};
/* End XCConfigurationList section */
	};
	rootObject = A30923811F50B45A00CA5A08 /* Project object */;
}
