// !$*UTF8*$!
{
	archiveVersion = 1;
	classes = {
	};
	objectVersion = 46;
	objects = {

/* Begin PBXBuildFile section */
		A3E8C48C1F4DFCDF008B7B68 /* AppDelegate.swift in Sources */ = {isa = PBXBuildFile; fileRef = A3E8C48B1F4DFCDF008B7B68 /* AppDelegate.swift */; };
		A3E8C48E1F4DFCDF008B7B68 /* ViewController.swift in Sources */ = {isa = PBXBuildFile; fileRef = A3E8C48D1F4DFCDF008B7B68 /* ViewController.swift */; };
		A3E8C4911F4DFCDF008B7B68 /* Main.storyboard in Resources */ = {isa = PBXBuildFile; fileRef = A3E8C48F1F4DFCDF008B7B68 /* Main.storyboard */; };
		A3E8C4931F4DFCDF008B7B68 /* Assets.xcassets in Resources */ = {isa = PBXBuildFile; fileRef = A3E8C4921F4DFCDF008B7B68 /* Assets.xcassets */; };
		A3E8C4961F4DFCDF008B7B68 /* LaunchScreen.storyboard in Resources */ = {isa = PBXBuildFile; fileRef = A3E8C4941F4DFCDF008B7B68 /* LaunchScreen.storyboard */; };
/* End PBXBuildFile section */

/* Begin PBXFileReference section */
		A3E8C4881F4DFCDF008B7B68 /* guessthefingers.app */ = {isa = PBXFileReference; explicitFileType = wrapper.application; includeInIndex = 0; path = guessthefingers.app; sourceTree = BUILT_PRODUCTS_DIR; };
		A3E8C48B1F4DFCDF008B7B68 /* AppDelegate.swift */ = {isa = PBXFileReference; lastKnownFileType = sourcecode.swift; path = AppDelegate.swift; sourceTree = "<group>"; };
		A3E8C48D1F4DFCDF008B7B68 /* ViewController.swift */ = {isa = PBXFileReference; lastKnownFileType = sourcecode.swift; path = ViewController.swift; sourceTree = "<group>"; };
		A3E8C4901F4DFCDF008B7B68 /* Base */ = {isa = PBXFileReference; lastKnownFileType = file.storyboard; name = Base; path = Base.lproj/Main.storyboard; sourceTree = "<group>"; };
		A3E8C4921F4DFCDF008B7B68 /* Assets.xcassets */ = {isa = PBXFileReference; lastKnownFileType = folder.assetcatalog; path = Assets.xcassets; sourceTree = "<group>"; };
		A3E8C4951F4DFCDF008B7B68 /* Base */ = {isa = PBXFileReference; lastKnownFileType = file.storyboard; name = Base; path = Base.lproj/LaunchScreen.storyboard; sourceTree = "<group>"; };
		A3E8C4971F4DFCDF008B7B68 /* Info.plist */ = {isa = PBXFileReference; lastKnownFileType = text.plist.xml; path = Info.plist; sourceTree = "<group>"; };
/* End PBXFileReference section */

/* Begin PBXFrameworksBuildPhase section */
		A3E8C4851F4DFCDE008B7B68 /* Frameworks */ = {
			isa = PBXFrameworksBuildPhase;
			buildActionMask = 2147483647;
			files = (
			);
			runOnlyForDeploymentPostprocessing = 0;
		};
/* End PBXFrameworksBuildPhase section */

/* Begin PBXGroup section */
		A3E8C47F1F4DFCDE008B7B68 = {
			isa = PBXGroup;
			children = (
				A3E8C48A1F4DFCDF008B7B68 /* guessthefingers */,
				A3E8C4891F4DFCDF008B7B68 /* Products */,
			);
			sourceTree = "<group>";
		};
		A3E8C4891F4DFCDF008B7B68 /* Products */ = {
			isa = PBXGroup;
			children = (
				A3E8C4881F4DFCDF008B7B68 /* guessthefingers.app */,
			);
			name = Products;
			sourceTree = "<group>";
		};
		A3E8C48A1F4DFCDF008B7B68 /* guessthefingers */ = {
			isa = PBXGroup;
			children = (
				A3E8C48B1F4DFCDF008B7B68 /* AppDelegate.swift */,
				A3E8C48D1F4DFCDF008B7B68 /* ViewController.swift */,
				A3E8C48F1F4DFCDF008B7B68 /* Main.storyboard */,
				A3E8C4921F4DFCDF008B7B68 /* Assets.xcassets */,
				A3E8C4941F4DFCDF008B7B68 /* LaunchScreen.storyboard */,
				A3E8C4971F4DFCDF008B7B68 /* Info.plist */,
			);
			path = guessthefingers;
			sourceTree = "<group>";
		};
/* End PBXGroup section */

/* Begin PBXNativeTarget section */
		A3E8C4871F4DFCDE008B7B68 /* guessthefingers */ = {
			isa = PBXNativeTarget;
			buildConfigurationList = A3E8C49A1F4DFCDF008B7B68 /* Build configuration list for PBXNativeTarget "guessthefingers" */;
			buildPhases = (
				A3E8C4841F4DFCDE008B7B68 /* Sources */,
				A3E8C4851F4DFCDE008B7B68 /* Frameworks */,
				A3E8C4861F4DFCDE008B7B68 /* Resources */,
			);
			buildRules = (
			);
			dependencies = (
			);
			name = guessthefingers;
			productName = guessthefingers;
			productReference = A3E8C4881F4DFCDF008B7B68 /* guessthefingers.app */;
			productType = "com.apple.product-type.application";
		};
/* End PBXNativeTarget section */

/* Begin PBXProject section */
		A3E8C4801F4DFCDE008B7B68 /* Project object */ = {
			isa = PBXProject;
			attributes = {
				LastSwiftUpdateCheck = 0820;
				LastUpgradeCheck = 0820;
				ORGANIZATIONNAME = sunny;
				TargetAttributes = {
					A3E8C4871F4DFCDE008B7B68 = {
						CreatedOnToolsVersion = 8.2.1;
						ProvisioningStyle = Automatic;
					};
				};
			};
			buildConfigurationList = A3E8C4831F4DFCDE008B7B68 /* Build configuration list for PBXProject "guessthefingers" */;
			compatibilityVersion = "Xcode 3.2";
			developmentRegion = English;
			hasScannedForEncodings = 0;
			knownRegions = (
				en,
				Base,
			);
			mainGroup = A3E8C47F1F4DFCDE008B7B68;
			productRefGroup = A3E8C4891F4DFCDF008B7B68 /* Products */;
			projectDirPath = "";
			projectRoot = "";
			targets = (
				A3E8C4871F4DFCDE008B7B68 /* guessthefingers */,
			);
		};
/* End PBXProject section */

/* Begin PBXResourcesBuildPhase section */
		A3E8C4861F4DFCDE008B7B68 /* Resources */ = {
			isa = PBXResourcesBuildPhase;
			buildActionMask = 2147483647;
			files = (
				A3E8C4961F4DFCDF008B7B68 /* LaunchScreen.storyboard in Resources */,
				A3E8C4931F4DFCDF008B7B68 /* Assets.xcassets in Resources */,
				A3E8C4911F4DFCDF008B7B68 /* Main.storyboard in Resources */,
			);
			runOnlyForDeploymentPostprocessing = 0;
		};
/* End PBXResourcesBuildPhase section */

/* Begin PBXSourcesBuildPhase section */
		A3E8C4841F4DFCDE008B7B68 /* Sources */ = {
			isa = PBXSourcesBuildPhase;
			buildActionMask = 2147483647;
			files = (
				A3E8C48E1F4DFCDF008B7B68 /* ViewController.swift in Sources */,
				A3E8C48C1F4DFCDF008B7B68 /* AppDelegate.swift in Sources */,
			);
			runOnlyForDeploymentPostprocessing = 0;
		};
/* End PBXSourcesBuildPhase section */

/* Begin PBXVariantGroup section */
		A3E8C48F1F4DFCDF008B7B68 /* Main.storyboard */ = {
			isa = PBXVariantGroup;
			children = (
				A3E8C4901F4DFCDF008B7B68 /* Base */,
			);
			name = Main.storyboard;
			sourceTree = "<group>";
		};
		A3E8C4941F4DFCDF008B7B68 /* LaunchScreen.storyboard */ = {
			isa = PBXVariantGroup;
			children = (
				A3E8C4951F4DFCDF008B7B68 /* Base */,
			);
			name = LaunchScreen.storyboard;
			sourceTree = "<group>";
		};
/* End PBXVariantGroup section */

/* Begin XCBuildConfiguration section */
		A3E8C4981F4DFCDF008B7B68 /* Debug */ = {
			isa = XCBuildConfiguration;
			buildSettings = {
				ALWAYS_SEARCH_USER_PATHS = NO;
				CLANG_ANALYZER_NONNULL = YES;
				CLANG_CXX_LANGUAGE_STANDARD = "gnu++0x";
				CLANG_CXX_LIBRARY = "libc++";
				CLANG_ENABLE_MODULES = YES;
				CLANG_ENABLE_OBJC_ARC = YES;
				CLANG_WARN_BOOL_CONVERSION = YES;
				CLANG_WARN_CONSTANT_CONVERSION = YES;
				CLANG_WARN_DIRECT_OBJC_ISA_USAGE = YES_ERROR;
				CLANG_WARN_DOCUMENTATION_COMMENTS = YES;
				CLANG_WARN_EMPTY_BODY = YES;
				CLANG_WARN_ENUM_CONVERSION = YES;
				CLANG_WARN_INFINITE_RECURSION = YES;
				CLANG_WARN_INT_CONVERSION = YES;
				CLANG_WARN_OBJC_ROOT_CLASS = YES_ERROR;
				CLANG_WARN_SUSPICIOUS_MOVE = YES;
				CLANG_WARN_UNREACHABLE_CODE = YES;
				CLANG_WARN__DUPLICATE_METHOD_MATCH = YES;
				"CODE_SIGN_IDENTITY[sdk=iphoneos*]" = "iPhone Developer";
				COPY_PHASE_STRIP = NO;
				DEBUG_INFORMATION_FORMAT = dwarf;
				ENABLE_STRICT_OBJC_MSGSEND = YES;
				ENABLE_TESTABILITY = YES;
				GCC_C_LANGUAGE_STANDARD = gnu99;
				GCC_DYNAMIC_NO_PIC = NO;
				GCC_NO_COMMON_BLOCKS = YES;
				GCC_OPTIMIZATION_LEVEL = 0;
				GCC_PREPROCESSOR_DEFINITIONS = (
					"DEBUG=1",
					"$(inherited)",
				);
				GCC_WARN_64_TO_32_BIT_CONVERSION = YES;
				GCC_WARN_ABOUT_RETURN_TYPE = YES_ERROR;
				GCC_WARN_UNDECLARED_SELECTOR = YES;
				GCC_WARN_UNINITIALIZED_AUTOS = YES_AGGRESSIVE;
				GCC_WARN_UNUSED_FUNCTION = YES;
				GCC_WARN_UNUSED_VARIABLE = YES;
				IPHONEOS_DEPLOYMENT_TARGET = 10.2;
				MTL_ENABLE_DEBUG_INFO = YES;
				ONLY_ACTIVE_ARCH = YES;
				SDKROOT = iphoneos;
				SWIFT_ACTIVE_COMPILATION_CONDITIONS = DEBUG;
				SWIFT_OPTIMIZATION_LEVEL = "-Onone";
				TARGETED_DEVICE_FAMILY = "1,2";
			};
			name = Debug;
		};
		A3E8C4991F4DFCDF008B7B68 /* Release */ = {
			isa = XCBuildConfiguration;
			buildSettings = {
				ALWAYS_SEARCH_USER_PATHS = NO;
				CLANG_ANALYZER_NONNULL = YES;
				CLANG_CXX_LANGUAGE_STANDARD = "gnu++0x";
				CLANG_CXX_LIBRARY = "libc++";
				CLANG_ENABLE_MODULES = YES;
				CLANG_ENABLE_OBJC_ARC = YES;
				CLANG_WARN_BOOL_CONVERSION = YES;
				CLANG_WARN_CONSTANT_CONVERSION = YES;
				CLANG_WARN_DIRECT_OBJC_ISA_USAGE = YES_ERROR;
				CLANG_WARN_DOCUMENTATION_COMMENTS = YES;
				CLANG_WARN_EMPTY_BODY = YES;
				CLANG_WARN_ENUM_CONVERSION = YES;
				CLANG_WARN_INFINITE_RECURSION = YES;
				CLANG_WARN_INT_CONVERSION = YES;
				CLANG_WARN_OBJC_ROOT_CLASS = YES_ERROR;
				CLANG_WARN_SUSPICIOUS_MOVE = YES;
				CLANG_WARN_UNREACHABLE_CODE = YES;
				CLANG_WARN__DUPLICATE_METHOD_MATCH = YES;
				"CODE_SIGN_IDENTITY[sdk=iphoneos*]" = "iPhone Developer";
				COPY_PHASE_STRIP = NO;
				DEBUG_INFORMATION_FORMAT = "dwarf-with-dsym";
				ENABLE_NS_ASSERTIONS = NO;
				ENABLE_STRICT_OBJC_MSGSEND = YES;
				GCC_C_LANGUAGE_STANDARD = gnu99;
				GCC_NO_COMMON_BLOCKS = YES;
				GCC_WARN_64_TO_32_BIT_CONVERSION = YES;
				GCC_WARN_ABOUT_RETURN_TYPE = YES_ERROR;
				GCC_WARN_UNDECLARED_SELECTOR = YES;
				GCC_WARN_UNINITIALIZED_AUTOS = YES_AGGRESSIVE;
				GCC_WARN_UNUSED_FUNCTION = YES;
				GCC_WARN_UNUSED_VARIABLE = YES;
				IPHONEOS_DEPLOYMENT_TARGET = 10.2;
				MTL_ENABLE_DEBUG_INFO = NO;
				SDKROOT = iphoneos;
				SWIFT_OPTIMIZATION_LEVEL = "-Owholemodule";
				TARGETED_DEVICE_FAMILY = "1,2";
				VALIDATE_PRODUCT = YES;
			};
			name = Release;
		};
		A3E8C49B1F4DFCDF008B7B68 /* Debug */ = {
			isa = XCBuildConfiguration;
			buildSettings = {
				ASSETCATALOG_COMPILER_APPICON_NAME = AppIcon;
				INFOPLIST_FILE = guessthefingers/Info.plist;
				LD_RUNPATH_SEARCH_PATHS = "$(inherited) @executable_path/Frameworks";
				PRODUCT_BUNDLE_IDENTIFIER = com.topdev.guessthefingers;
				PRODUCT_NAME = "$(TARGET_NAME)";
				SWIFT_VERSION = 3.0;
			};
			name = Debug;
		};
		A3E8C49C1F4DFCDF008B7B68 /* Release */ = {
			isa = XCBuildConfiguration;
			buildSettings = {
				ASSETCATALOG_COMPILER_APPICON_NAME = AppIcon;
				INFOPLIST_FILE = guessthefingers/Info.plist;
				LD_RUNPATH_SEARCH_PATHS = "$(inherited) @executable_path/Frameworks";
				PRODUCT_BUNDLE_IDENTIFIER = com.topdev.guessthefingers;
				PRODUCT_NAME = "$(TARGET_NAME)";
				SWIFT_VERSION = 3.0;
			};
			name = Release;
		};
/* End XCBuildConfiguration section */

/* Begin XCConfigurationList section */
		A3E8C4831F4DFCDE008B7B68 /* Build configuration list for PBXProject "guessthefingers" */ = {
			isa = XCConfigurationList;
			buildConfigurations = (
				A3E8C4981F4DFCDF008B7B68 /* Debug */,
				A3E8C4991F4DFCDF008B7B68 /* Release */,
			);
			defaultConfigurationIsVisible = 0;
			defaultConfigurationName = Release;
		};
		A3E8C49A1F4DFCDF008B7B68 /* Build configuration list for PBXNativeTarget "guessthefingers" */ = {
			isa = XCConfigurationList;
			buildConfigurations = (
				A3E8C49B1F4DFCDF008B7B68 /* Debug */,
				A3E8C49C1F4DFCDF008B7B68 /* Release */,
			);
			defaultConfigurationIsVisible = 0;
		};
/* End XCConfigurationList section */
	};
	rootObject = A3E8C4801F4DFCDE008B7B68 /* Project object */;
}
